
Microsoft Visual Studio Solution File, Format Version 12.00
# Visual Studio 14
VisualStudioVersion = 14.0.25420.1
MinimumVisualStudioVersion = 10.0.40219.1
Project("{FAE04EC0-301F-11D3-BF4B-00C04F79EFBC}") = "CentralLib", "ClassLibrary1\CentralLib.csproj", "{ABAC24C1-E800-4F1C-A77C-C5A4E17A1468}"
EndProject
Project("{FAE04EC0-301F-11D3-BF4B-00C04F79EFBC}") = "TestComm", "TestComm\TestComm.csproj", "{D3A2AB48-1363-404C-A8C3-A9CBA5302115}"
	ProjectSection(ProjectDependencies) = postProject
		{9C31E9BE-CA41-4280-89D2-5720AA2FC12B} = {9C31E9BE-CA41-4280-89D2-5720AA2FC12B}
	EndProjectSection
EndProject
Project("{FAE04EC0-301F-11D3-BF4B-00C04F79EFBC}") = "SyncHameleon", "SyncHameleon\SyncHameleon.csproj", "{FA35273B-2592-446C-B1DE-FBE68FEB8008}"
EndProject
Project("{FAE04EC0-301F-11D3-BF4B-00C04F79EFBC}") = "PrintFP", "PrintFP\PrintFP.csproj", "{9C31E9BE-CA41-4280-89D2-5720AA2FC12B}"
EndProject
Project("{FAE04EC0-301F-11D3-BF4B-00C04F79EFBC}") = "controlPrintFP", "controlPrintFP\controlPrintFP.csproj", "{4EE79ADB-5FC3-41DE-9C99-4AE0EA67F384}"
	ProjectSection(ProjectDependencies) = postProject
		{9C31E9BE-CA41-4280-89D2-5720AA2FC12B} = {9C31E9BE-CA41-4280-89D2-5720AA2FC12B}
		{ABAC24C1-E800-4F1C-A77C-C5A4E17A1468} = {ABAC24C1-E800-4F1C-A77C-C5A4E17A1468}
	EndProjectSection
EndProject
Project("{FAE04EC0-301F-11D3-BF4B-00C04F79EFBC}") = "SyncOpenStore", "SyncOpenStore\SyncOpenStore.csproj", "{DF8B6E74-6000-452D-A1C0-04330CD44120}"
EndProject
Project("{FAE04EC0-301F-11D3-BF4B-00C04F79EFBC}") = "Tools", "Tools\Tools.csproj", "{26A8C6CC-AE1F-4959-91B0-94239EAF5842}"
EndProject
Project("{FAE04EC0-301F-11D3-BF4B-00C04F79EFBC}") = "SyncChameleonService", "SyncChameleonService\SyncChameleonService.csproj", "{58589C8F-E53C-447F-8F0F-DEFACDE13961}"
EndProject
Project("{FAE04EC0-301F-11D3-BF4B-00C04F79EFBC}") = "DbHelperSQL", "DbHelper\DbHelperSQL.csproj", "{F44F0508-5090-4DED-908B-0FCC6005D8C4}"
EndProject
Project("{FAE04EC0-301F-11D3-BF4B-00C04F79EFBC}") = "PrintFPService", "PrintFPService\PrintFPService.csproj", "{F854D50D-E8D2-450A-BD97-7D23E7FBBAE1}"
EndProject
Project("{FAE04EC0-301F-11D3-BF4B-00C04F79EFBC}") = "SyncOpenStoreService", "SyncOpenStoreService\SyncOpenStoreService.csproj", "{8DD2DBD3-A979-472C-9055-5D8CCADC1C2C}"
EndProject
Project("{FAE04EC0-301F-11D3-BF4B-00C04F79EFBC}") = "Bot", "Bot\Bot.csproj", "{06F4036E-A0E2-4CB9-9FA4-1FD7C12E0F1F}"
EndProject
Project("{FAE04EC0-301F-11D3-BF4B-00C04F79EFBC}") = "WebFocus", "WebFocus\WebFocus.csproj", "{CDA03531-A266-4356-9C9E-BE0AAE32B5B1}"
EndProject
Project("{FAE04EC0-301F-11D3-BF4B-00C04F79EFBC}") = "WebApi", "WebApi\WebApi.csproj", "{05F1E371-9BF8-4541-A4B2-7A670A12AD3E}"
EndProject
Global
	GlobalSection(SolutionConfigurationPlatforms) = preSolution
		Debug|Any CPU = Debug|Any CPU
		Release|Any CPU = Release|Any CPU
	EndGlobalSection
	GlobalSection(ProjectConfigurationPlatforms) = postSolution
		{ABAC24C1-E800-4F1C-A77C-C5A4E17A1468}.Debug|Any CPU.ActiveCfg = Debug|Any CPU
		{ABAC24C1-E800-4F1C-A77C-C5A4E17A1468}.Debug|Any CPU.Build.0 = Debug|Any CPU
		{ABAC24C1-E800-4F1C-A77C-C5A4E17A1468}.Release|Any CPU.ActiveCfg = Release|Any CPU
		{ABAC24C1-E800-4F1C-A77C-C5A4E17A1468}.Release|Any CPU.Build.0 = Release|Any CPU
		{D3A2AB48-1363-404C-A8C3-A9CBA5302115}.Debug|Any CPU.ActiveCfg = Debug|Any CPU
		{D3A2AB48-1363-404C-A8C3-A9CBA5302115}.Debug|Any CPU.Build.0 = Debug|Any CPU
		{D3A2AB48-1363-404C-A8C3-A9CBA5302115}.Release|Any CPU.ActiveCfg = Release|Any CPU
		{D3A2AB48-1363-404C-A8C3-A9CBA5302115}.Release|Any CPU.Build.0 = Release|Any CPU
		{FA35273B-2592-446C-B1DE-FBE68FEB8008}.Debug|Any CPU.ActiveCfg = Debug|Any CPU
		{FA35273B-2592-446C-B1DE-FBE68FEB8008}.Debug|Any CPU.Build.0 = Debug|Any CPU
		{FA35273B-2592-446C-B1DE-FBE68FEB8008}.Release|Any CPU.ActiveCfg = Release|Any CPU
		{FA35273B-2592-446C-B1DE-FBE68FEB8008}.Release|Any CPU.Build.0 = Release|Any CPU
		{9C31E9BE-CA41-4280-89D2-5720AA2FC12B}.Debug|Any CPU.ActiveCfg = Debug|Any CPU
		{9C31E9BE-CA41-4280-89D2-5720AA2FC12B}.Debug|Any CPU.Build.0 = Debug|Any CPU
		{9C31E9BE-CA41-4280-89D2-5720AA2FC12B}.Release|Any CPU.ActiveCfg = Release|Any CPU
		{9C31E9BE-CA41-4280-89D2-5720AA2FC12B}.Release|Any CPU.Build.0 = Release|Any CPU
		{4EE79ADB-5FC3-41DE-9C99-4AE0EA67F384}.Debug|Any CPU.ActiveCfg = Debug|Any CPU
		{4EE79ADB-5FC3-41DE-9C99-4AE0EA67F384}.Debug|Any CPU.Build.0 = Debug|Any CPU
		{4EE79ADB-5FC3-41DE-9C99-4AE0EA67F384}.Release|Any CPU.ActiveCfg = Release|Any CPU
		{4EE79ADB-5FC3-41DE-9C99-4AE0EA67F384}.Release|Any CPU.Build.0 = Release|Any CPU
		{DF8B6E74-6000-452D-A1C0-04330CD44120}.Debug|Any CPU.ActiveCfg = Debug|Any CPU
		{DF8B6E74-6000-452D-A1C0-04330CD44120}.Debug|Any CPU.Build.0 = Debug|Any CPU
		{DF8B6E74-6000-452D-A1C0-04330CD44120}.Release|Any CPU.ActiveCfg = Release|Any CPU
		{DF8B6E74-6000-452D-A1C0-04330CD44120}.Release|Any CPU.Build.0 = Release|Any CPU
		{26A8C6CC-AE1F-4959-91B0-94239EAF5842}.Debug|Any CPU.ActiveCfg = Debug|Any CPU
		{26A8C6CC-AE1F-4959-91B0-94239EAF5842}.Debug|Any CPU.Build.0 = Debug|Any CPU
		{26A8C6CC-AE1F-4959-91B0-94239EAF5842}.Release|Any CPU.ActiveCfg = Release|Any CPU
		{26A8C6CC-AE1F-4959-91B0-94239EAF5842}.Release|Any CPU.Build.0 = Release|Any CPU
		{58589C8F-E53C-447F-8F0F-DEFACDE13961}.Debug|Any CPU.ActiveCfg = Debug|Any CPU
		{58589C8F-E53C-447F-8F0F-DEFACDE13961}.Debug|Any CPU.Build.0 = Debug|Any CPU
		{58589C8F-E53C-447F-8F0F-DEFACDE13961}.Release|Any CPU.ActiveCfg = Release|Any CPU
		{58589C8F-E53C-447F-8F0F-DEFACDE13961}.Release|Any CPU.Build.0 = Release|Any CPU
		{F44F0508-5090-4DED-908B-0FCC6005D8C4}.Debug|Any CPU.ActiveCfg = Debug|Any CPU
		{F44F0508-5090-4DED-908B-0FCC6005D8C4}.Debug|Any CPU.Build.0 = Debug|Any CPU
		{F44F0508-5090-4DED-908B-0FCC6005D8C4}.Release|Any CPU.ActiveCfg = Release|Any CPU
		{F44F0508-5090-4DED-908B-0FCC6005D8C4}.Release|Any CPU.Build.0 = Release|Any CPU
		{F854D50D-E8D2-450A-BD97-7D23E7FBBAE1}.Debug|Any CPU.ActiveCfg = Debug|Any CPU
		{F854D50D-E8D2-450A-BD97-7D23E7FBBAE1}.Debug|Any CPU.Build.0 = Debug|Any CPU
		{F854D50D-E8D2-450A-BD97-7D23E7FBBAE1}.Release|Any CPU.ActiveCfg = Release|Any CPU
		{F854D50D-E8D2-450A-BD97-7D23E7FBBAE1}.Release|Any CPU.Build.0 = Release|Any CPU
		{8DD2DBD3-A979-472C-9055-5D8CCADC1C2C}.Debug|Any CPU.ActiveCfg = Debug|Any CPU
		{8DD2DBD3-A979-472C-9055-5D8CCADC1C2C}.Debug|Any CPU.Build.0 = Debug|Any CPU
		{8DD2DBD3-A979-472C-9055-5D8CCADC1C2C}.Release|Any CPU.ActiveCfg = Release|Any CPU
		{8DD2DBD3-A979-472C-9055-5D8CCADC1C2C}.Release|Any CPU.Build.0 = Release|Any CPU
		{06F4036E-A0E2-4CB9-9FA4-1FD7C12E0F1F}.Debug|Any CPU.ActiveCfg = Debug|Any CPU
		{06F4036E-A0E2-4CB9-9FA4-1FD7C12E0F1F}.Debug|Any CPU.Build.0 = Debug|Any CPU
		{06F4036E-A0E2-4CB9-9FA4-1FD7C12E0F1F}.Release|Any CPU.ActiveCfg = Release|Any CPU
		{06F4036E-A0E2-4CB9-9FA4-1FD7C12E0F1F}.Release|Any CPU.Build.0 = Release|Any CPU
		{CDA03531-A266-4356-9C9E-BE0AAE32B5B1}.Debug|Any CPU.ActiveCfg = Debug|Any CPU
		{CDA03531-A266-4356-9C9E-BE0AAE32B5B1}.Debug|Any CPU.Build.0 = Debug|Any CPU
		{CDA03531-A266-4356-9C9E-BE0AAE32B5B1}.Release|Any CPU.ActiveCfg = Release|Any CPU
		{CDA03531-A266-4356-9C9E-BE0AAE32B5B1}.Release|Any CPU.Build.0 = Release|Any CPU
		{05F1E371-9BF8-4541-A4B2-7A670A12AD3E}.Debug|Any CPU.ActiveCfg = Debug|Any CPU
		{05F1E371-9BF8-4541-A4B2-7A670A12AD3E}.Debug|Any CPU.Build.0 = Debug|Any CPU
		{05F1E371-9BF8-4541-A4B2-7A670A12AD3E}.Release|Any CPU.ActiveCfg = Release|Any CPU
		{05F1E371-9BF8-4541-A4B2-7A670A12AD3E}.Release|Any CPU.Build.0 = Release|Any CPU
	EndGlobalSection
	GlobalSection(SolutionProperties) = preSolution
		HideSolutionNode = FALSE
	EndGlobalSection
EndGlobal
