
Microsoft Visual Studio Solution File, Format Version 12.00
# Visual Studio 14
VisualStudioVersion = 14.0.24720.0
MinimumVisualStudioVersion = 10.0.40219.1
Project("{FAE04EC0-301F-11D3-BF4B-00C04F79EFBC}") = "CentralLib", "ClassLibrary1\CentralLib.csproj", "{ABAC24C1-E800-4F1C-A77C-C5A4E17A1468}"
EndProject
Project("{FAE04EC0-301F-11D3-BF4B-00C04F79EFBC}") = "TestComm", "TestComm\TestComm.csproj", "{D3A2AB48-1363-404C-A8C3-A9CBA5302115}"
EndProject
Project("{FAE04EC0-301F-11D3-BF4B-00C04F79EFBC}") = "SyncHameleon", "SyncHameleon\SyncHameleon.csproj", "{FA35273B-2592-446C-B1DE-FBE68FEB8008}"
EndProject
Project("{FAE04EC0-301F-11D3-BF4B-00C04F79EFBC}") = "PrintFP", "PrintFP\PrintFP.csproj", "{9C31E9BE-CA41-4280-89D2-5720AA2FC12B}"
EndProject
Project("{FAE04EC0-301F-11D3-BF4B-00C04F79EFBC}") = "controlPrintFP", "controlPrintFP\controlPrintFP.csproj", "{4EE79ADB-5FC3-41DE-9C99-4AE0EA67F384}"
	ProjectSection(ProjectDependencies) = postProject
		{9C31E9BE-CA41-4280-89D2-5720AA2FC12B} = {9C31E9BE-CA41-4280-89D2-5720AA2FC12B}
		{ABAC24C1-E800-4F1C-A77C-C5A4E17A1468} = {ABAC24C1-E800-4F1C-A77C-C5A4E17A1468}
	EndProjectSection
EndProject
Project("{FAE04EC0-301F-11D3-BF4B-00C04F79EFBC}") = "SyncOpenStore", "SyncOpenStore\SyncOpenStore.csproj", "{DF8B6E74-6000-452D-A1C0-04330CD44120}"
EndProject
Project("{E24C65DC-7377-472B-9ABA-BC803B73C61A}") = "WebJson", "WebJson\", "{5B1F2214-6977-41FA-9622-118731CCBD40}"
	ProjectSection(WebsiteProperties) = preProject
		TargetFrameworkMoniker = ".NETFramework,Version%3Dv4.6.1"
		Debug.AspNetCompiler.VirtualPath = "/localhost_62441"
		Debug.AspNetCompiler.PhysicalPath = "WebJson\"
		Debug.AspNetCompiler.TargetPath = "PrecompiledWeb\localhost_62441\"
		Debug.AspNetCompiler.Updateable = "true"
		Debug.AspNetCompiler.ForceOverwrite = "true"
		Debug.AspNetCompiler.FixedNames = "false"
		Debug.AspNetCompiler.Debug = "True"
		Release.AspNetCompiler.VirtualPath = "/localhost_62441"
		Release.AspNetCompiler.PhysicalPath = "WebJson\"
		Release.AspNetCompiler.TargetPath = "PrecompiledWeb\localhost_62441\"
		Release.AspNetCompiler.Updateable = "true"
		Release.AspNetCompiler.ForceOverwrite = "true"
		Release.AspNetCompiler.FixedNames = "false"
		Release.AspNetCompiler.Debug = "False"
		VWDPort = "62441"
		SlnRelativePath = "WebJson\"
		DefaultWebSiteLanguage = "Visual C#"
	EndProjectSection
EndProject
Global
	GlobalSection(SolutionConfigurationPlatforms) = preSolution
		Debug|Any CPU = Debug|Any CPU
		Release|Any CPU = Release|Any CPU
	EndGlobalSection
	GlobalSection(ProjectConfigurationPlatforms) = postSolution
		{ABAC24C1-E800-4F1C-A77C-C5A4E17A1468}.Debug|Any CPU.ActiveCfg = Debug|Any CPU
		{ABAC24C1-E800-4F1C-A77C-C5A4E17A1468}.Debug|Any CPU.Build.0 = Debug|Any CPU
		{ABAC24C1-E800-4F1C-A77C-C5A4E17A1468}.Release|Any CPU.ActiveCfg = Release|Any CPU
		{ABAC24C1-E800-4F1C-A77C-C5A4E17A1468}.Release|Any CPU.Build.0 = Release|Any CPU
		{D3A2AB48-1363-404C-A8C3-A9CBA5302115}.Debug|Any CPU.ActiveCfg = Debug|Any CPU
		{D3A2AB48-1363-404C-A8C3-A9CBA5302115}.Debug|Any CPU.Build.0 = Debug|Any CPU
		{D3A2AB48-1363-404C-A8C3-A9CBA5302115}.Release|Any CPU.ActiveCfg = Release|Any CPU
		{D3A2AB48-1363-404C-A8C3-A9CBA5302115}.Release|Any CPU.Build.0 = Release|Any CPU
		{FA35273B-2592-446C-B1DE-FBE68FEB8008}.Debug|Any CPU.ActiveCfg = Debug|Any CPU
		{FA35273B-2592-446C-B1DE-FBE68FEB8008}.Debug|Any CPU.Build.0 = Debug|Any CPU
		{FA35273B-2592-446C-B1DE-FBE68FEB8008}.Release|Any CPU.ActiveCfg = Release|Any CPU
		{FA35273B-2592-446C-B1DE-FBE68FEB8008}.Release|Any CPU.Build.0 = Release|Any CPU
		{9C31E9BE-CA41-4280-89D2-5720AA2FC12B}.Debug|Any CPU.ActiveCfg = Debug|Any CPU
		{9C31E9BE-CA41-4280-89D2-5720AA2FC12B}.Debug|Any CPU.Build.0 = Debug|Any CPU
		{9C31E9BE-CA41-4280-89D2-5720AA2FC12B}.Release|Any CPU.ActiveCfg = Release|Any CPU
		{9C31E9BE-CA41-4280-89D2-5720AA2FC12B}.Release|Any CPU.Build.0 = Release|Any CPU
		{4EE79ADB-5FC3-41DE-9C99-4AE0EA67F384}.Debug|Any CPU.ActiveCfg = Debug|Any CPU
		{4EE79ADB-5FC3-41DE-9C99-4AE0EA67F384}.Debug|Any CPU.Build.0 = Debug|Any CPU
		{4EE79ADB-5FC3-41DE-9C99-4AE0EA67F384}.Release|Any CPU.ActiveCfg = Release|Any CPU
		{4EE79ADB-5FC3-41DE-9C99-4AE0EA67F384}.Release|Any CPU.Build.0 = Release|Any CPU
		{DF8B6E74-6000-452D-A1C0-04330CD44120}.Debug|Any CPU.ActiveCfg = Debug|Any CPU
		{DF8B6E74-6000-452D-A1C0-04330CD44120}.Debug|Any CPU.Build.0 = Debug|Any CPU
		{DF8B6E74-6000-452D-A1C0-04330CD44120}.Release|Any CPU.ActiveCfg = Release|Any CPU
		{DF8B6E74-6000-452D-A1C0-04330CD44120}.Release|Any CPU.Build.0 = Release|Any CPU
		{5B1F2214-6977-41FA-9622-118731CCBD40}.Debug|Any CPU.ActiveCfg = Debug|Any CPU
		{5B1F2214-6977-41FA-9622-118731CCBD40}.Debug|Any CPU.Build.0 = Debug|Any CPU
		{5B1F2214-6977-41FA-9622-118731CCBD40}.Release|Any CPU.ActiveCfg = Debug|Any CPU
		{5B1F2214-6977-41FA-9622-118731CCBD40}.Release|Any CPU.Build.0 = Debug|Any CPU
	EndGlobalSection
	GlobalSection(SolutionProperties) = preSolution
		HideSolutionNode = FALSE
	EndGlobalSection
EndGlobal
